
Microsoft Visual Studio Solution File, Format Version 12.00
# Visual Studio Version 17
VisualStudioVersion = 17.0.31903.59
MinimumVisualStudioVersion = 10.0.40219.1
Project("{2150E333-8FDC-42A3-9474-1A3956D46DE8}") = "src", "src", "{827E0CD3-B72D-47B6-A68D-7590B98EB39B}"
EndProject
Project("{FAE04EC0-301F-11D3-BF4B-00C04F79EFBC}") = "OpenPayrun.Api", "src\OpenPayrun.Api\OpenPayrun.Api.csproj", "{9C294829-1B75-4696-AF41-D05D4F6F39AF}"
EndProject
Project("{FAE04EC0-301F-11D3-BF4B-00C04F79EFBC}") = "OpenPayrun.Domain", "src\OpenPayrun.Domain\OpenPayrun.Domain.csproj", "{8771E22F-590E-4BC4-B30F-3AA3FFE0259B}"
EndProject
Project("{FAE04EC0-301F-11D3-BF4B-00C04F79EFBC}") = "OpenPayrun.Application", "src\OpenPayrun.Application\OpenPayrun.Application.csproj", "{D58AB324-D148-4571-B5E1-09E769FA23C5}"
EndProject
Project("{FAE04EC0-301F-11D3-BF4B-00C04F79EFBC}") = "OpenPayrun.Infrastructure", "src\OpenPayrun.Infrastructure\OpenPayrun.Infrastructure.csproj", "{9A9892F9-BF53-476E-9EE9-D9331CF4ED41}"
EndProject
Project("{2150E333-8FDC-42A3-9474-1A3956D46DE8}") = "tests", "tests", "{0AB3BF05-4346-4AA6-1389-037BE0695223}"
EndProject
Project("{FAE04EC0-301F-11D3-BF4B-00C04F79EFBC}") = "OpenPayrun.Domain.Tests", "tests\OpenPayrun.Domain.Tests\OpenPayrun.Domain.Tests.csproj", "{F1478E55-AF89-4ECC-A252-9B426010DA9B}"
EndProject
Project("{FAE04EC0-301F-11D3-BF4B-00C04F79EFBC}") = "OpenPayrun.Api.Tests", "tests\OpenPayrun.Api.Tests\OpenPayrun.Api.Tests.csproj", "{C4D5E6F7-A8B9-4012-C3D4-E5F678901234}"
EndProject
Global
	GlobalSection(SolutionConfigurationPlatforms) = preSolution
		Debug|Any CPU = Debug|Any CPU
		Debug|x64 = Debug|x64
		Debug|x86 = Debug|x86
		Release|Any CPU = Release|Any CPU
		Release|x64 = Release|x64
		Release|x86 = Release|x86
	EndGlobalSection
	GlobalSection(ProjectConfigurationPlatforms) = postSolution
		{9C294829-1B75-4696-AF41-D05D4F6F39AF}.Debug|Any CPU.ActiveCfg = Debug|Any CPU
		{9C294829-1B75-4696-AF41-D05D4F6F39AF}.Debug|Any CPU.Build.0 = Debug|Any CPU
		{9C294829-1B75-4696-AF41-D05D4F6F39AF}.Debug|x64.ActiveCfg = Debug|Any CPU
		{9C294829-1B75-4696-AF41-D05D4F6F39AF}.Debug|x64.Build.0 = Debug|Any CPU
		{9C294829-1B75-4696-AF41-D05D4F6F39AF}.Debug|x86.ActiveCfg = Debug|Any CPU
		{9C294829-1B75-4696-AF41-D05D4F6F39AF}.Debug|x86.Build.0 = Debug|Any CPU
		{9C294829-1B75-4696-AF41-D05D4F6F39AF}.Release|Any CPU.ActiveCfg = Release|Any CPU
		{9C294829-1B75-4696-AF41-D05D4F6F39AF}.Release|Any CPU.Build.0 = Release|Any CPU
		{9C294829-1B75-4696-AF41-D05D4F6F39AF}.Release|x64.ActiveCfg = Release|Any CPU
		{9C294829-1B75-4696-AF41-D05D4F6F39AF}.Release|x64.Build.0 = Release|Any CPU
		{9C294829-1B75-4696-AF41-D05D4F6F39AF}.Release|x86.ActiveCfg = Release|Any CPU
		{9C294829-1B75-4696-AF41-D05D4F6F39AF}.Release|x86.Build.0 = Release|Any CPU
		{8771E22F-590E-4BC4-B30F-3AA3FFE0259B}.Debug|Any CPU.ActiveCfg = Debug|Any CPU
		{8771E22F-590E-4BC4-B30F-3AA3FFE0259B}.Debug|Any CPU.Build.0 = Debug|Any CPU
		{8771E22F-590E-4BC4-B30F-3AA3FFE0259B}.Debug|x64.ActiveCfg = Debug|Any CPU
		{8771E22F-590E-4BC4-B30F-3AA3FFE0259B}.Debug|x64.Build.0 = Debug|Any CPU
		{8771E22F-590E-4BC4-B30F-3AA3FFE0259B}.Debug|x86.ActiveCfg = Debug|Any CPU
		{8771E22F-590E-4BC4-B30F-3AA3FFE0259B}.Debug|x86.Build.0 = Debug|Any CPU
		{8771E22F-590E-4BC4-B30F-3AA3FFE0259B}.Release|Any CPU.ActiveCfg = Release|Any CPU
		{8771E22F-590E-4BC4-B30F-3AA3FFE0259B}.Release|Any CPU.Build.0 = Release|Any CPU
		{8771E22F-590E-4BC4-B30F-3AA3FFE0259B}.Release|x64.ActiveCfg = Release|Any CPU
		{8771E22F-590E-4BC4-B30F-3AA3FFE0259B}.Release|x64.Build.0 = Release|Any CPU
		{8771E22F-590E-4BC4-B30F-3AA3FFE0259B}.Release|x86.ActiveCfg = Release|Any CPU
		{8771E22F-590E-4BC4-B30F-3AA3FFE0259B}.Release|x86.Build.0 = Release|Any CPU
		{D58AB324-D148-4571-B5E1-09E769FA23C5}.Debug|Any CPU.ActiveCfg = Debug|Any CPU
		{D58AB324-D148-4571-B5E1-09E769FA23C5}.Debug|Any CPU.Build.0 = Debug|Any CPU
		{D58AB324-D148-4571-B5E1-09E769FA23C5}.Debug|x64.ActiveCfg = Debug|Any CPU
		{D58AB324-D148-4571-B5E1-09E769FA23C5}.Debug|x64.Build.0 = Debug|Any CPU
		{D58AB324-D148-4571-B5E1-09E769FA23C5}.Debug|x86.ActiveCfg = Debug|Any CPU
		{D58AB324-D148-4571-B5E1-09E769FA23C5}.Debug|x86.Build.0 = Debug|Any CPU
		{D58AB324-D148-4571-B5E1-09E769FA23C5}.Release|Any CPU.ActiveCfg = Release|Any CPU
		{D58AB324-D148-4571-B5E1-09E769FA23C5}.Release|Any CPU.Build.0 = Release|Any CPU
		{D58AB324-D148-4571-B5E1-09E769FA23C5}.Release|x64.ActiveCfg = Release|Any CPU
		{D58AB324-D148-4571-B5E1-09E769FA23C5}.Release|x64.Build.0 = Release|Any CPU
		{D58AB324-D148-4571-B5E1-09E769FA23C5}.Release|x86.ActiveCfg = Release|Any CPU
		{D58AB324-D148-4571-B5E1-09E769FA23C5}.Release|x86.Build.0 = Release|Any CPU
		{9A9892F9-BF53-476E-9EE9-D9331CF4ED41}.Debug|Any CPU.ActiveCfg = Debug|Any CPU
		{9A9892F9-BF53-476E-9EE9-D9331CF4ED41}.Debug|Any CPU.Build.0 = Debug|Any CPU
		{9A9892F9-BF53-476E-9EE9-D9331CF4ED41}.Debug|x64.ActiveCfg = Debug|Any CPU
		{9A9892F9-BF53-476E-9EE9-D9331CF4ED41}.Debug|x64.Build.0 = Debug|Any CPU
		{9A9892F9-BF53-476E-9EE9-D9331CF4ED41}.Debug|x86.ActiveCfg = Debug|Any CPU
		{9A9892F9-BF53-476E-9EE9-D9331CF4ED41}.Debug|x86.Build.0 = Debug|Any CPU
		{9A9892F9-BF53-476E-9EE9-D9331CF4ED41}.Release|Any CPU.ActiveCfg = Release|Any CPU
		{9A9892F9-BF53-476E-9EE9-D9331CF4ED41}.Release|Any CPU.Build.0 = Release|Any CPU
		{9A9892F9-BF53-476E-9EE9-D9331CF4ED41}.Release|x64.ActiveCfg = Release|Any CPU
		{9A9892F9-BF53-476E-9EE9-D9331CF4ED41}.Release|x64.Build.0 = Release|Any CPU
		{9A9892F9-BF53-476E-9EE9-D9331CF4ED41}.Release|x86.ActiveCfg = Release|Any CPU
		{9A9892F9-BF53-476E-9EE9-D9331CF4ED41}.Release|x86.Build.0 = Release|Any CPU
		{F1478E55-AF89-4ECC-A252-9B426010DA9B}.Debug|Any CPU.ActiveCfg = Debug|Any CPU
		{F1478E55-AF89-4ECC-A252-9B426010DA9B}.Debug|Any CPU.Build.0 = Debug|Any CPU
		{F1478E55-AF89-4ECC-A252-9B426010DA9B}.Debug|x64.ActiveCfg = Debug|Any CPU
		{F1478E55-AF89-4ECC-A252-9B426010DA9B}.Debug|x64.Build.0 = Debug|Any CPU
		{F1478E55-AF89-4ECC-A252-9B426010DA9B}.Debug|x86.ActiveCfg = Debug|Any CPU
		{F1478E55-AF89-4ECC-A252-9B426010DA9B}.Debug|x86.Build.0 = Debug|Any CPU
		{F1478E55-AF89-4ECC-A252-9B426010DA9B}.Release|Any CPU.ActiveCfg = Release|Any CPU
		{F1478E55-AF89-4ECC-A252-9B426010DA9B}.Release|Any CPU.Build.0 = Release|Any CPU
		{F1478E55-AF89-4ECC-A252-9B426010DA9B}.Release|x64.ActiveCfg = Release|Any CPU
		{F1478E55-AF89-4ECC-A252-9B426010DA9B}.Release|x64.Build.0 = Release|Any CPU
		{F1478E55-AF89-4ECC-A252-9B426010DA9B}.Release|x86.ActiveCfg = Release|Any CPU
		{F1478E55-AF89-4ECC-A252-9B426010DA9B}.Release|x86.Build.0 = Release|Any CPU
		{C4D5E6F7-A8B9-4012-C3D4-E5F678901234}.Debug|Any CPU.ActiveCfg = Debug|Any CPU
		{C4D5E6F7-A8B9-4012-C3D4-E5F678901234}.Debug|Any CPU.Build.0 = Debug|Any CPU
		{C4D5E6F7-A8B9-4012-C3D4-E5F678901234}.Debug|x64.ActiveCfg = Debug|Any CPU
		{C4D5E6F7-A8B9-4012-C3D4-E5F678901234}.Debug|x64.Build.0 = Debug|Any CPU
		{C4D5E6F7-A8B9-4012-C3D4-E5F678901234}.Debug|x86.ActiveCfg = Debug|Any CPU
		{C4D5E6F7-A8B9-4012-C3D4-E5F678901234}.Debug|x86.Build.0 = Debug|Any CPU
		{C4D5E6F7-A8B9-4012-C3D4-E5F678901234}.Release|Any CPU.ActiveCfg = Release|Any CPU
		{C4D5E6F7-A8B9-4012-C3D4-E5F678901234}.Release|Any CPU.Build.0 = Release|Any CPU
		{C4D5E6F7-A8B9-4012-C3D4-E5F678901234}.Release|x64.ActiveCfg = Release|Any CPU
		{C4D5E6F7-A8B9-4012-C3D4-E5F678901234}.Release|x64.Build.0 = Release|Any CPU
		{C4D5E6F7-A8B9-4012-C3D4-E5F678901234}.Release|x86.ActiveCfg = Release|Any CPU
		{C4D5E6F7-A8B9-4012-C3D4-E5F678901234}.Release|x86.Build.0 = Release|Any CPU
	EndGlobalSection
	GlobalSection(SolutionProperties) = preSolution
		HideSolutionNode = FALSE
	EndGlobalSection
	GlobalSection(NestedProjects) = preSolution
		{9C294829-1B75-4696-AF41-D05D4F6F39AF} = {827E0CD3-B72D-47B6-A68D-7590B98EB39B}
		{8771E22F-590E-4BC4-B30F-3AA3FFE0259B} = {827E0CD3-B72D-47B6-A68D-7590B98EB39B}
		{D58AB324-D148-4571-B5E1-09E769FA23C5} = {827E0CD3-B72D-47B6-A68D-7590B98EB39B}
		{9A9892F9-BF53-476E-9EE9-D9331CF4ED41} = {827E0CD3-B72D-47B6-A68D-7590B98EB39B}
		{F1478E55-AF89-4ECC-A252-9B426010DA9B} = {0AB3BF05-4346-4AA6-1389-037BE0695223}
		{C4D5E6F7-A8B9-4012-C3D4-E5F678901234} = {0AB3BF05-4346-4AA6-1389-037BE0695223}
	EndGlobalSection
EndGlobal
